{
  "nodes": {
    "cargo2nix": {
      "inputs": {
        "flake-utils": [
          "flake-utils"
        ],
        "nixpkgs": [
          "nixpkgs"
        ],
        "rust-overlay": [
          "rust-overlay"
        ]
      },
      "locked": {
        "lastModified": 1636875246,
        "narHash": "sha256-Kxh4hyyj9h5P6+S5hNMnokG1YJK2BnLB28FaOWtsML8=",
        "owner": "cargo2nix",
        "repo": "cargo2nix",
        "rev": "d83dd2ad625907b1c17b35d3482de731c247560a",
        "type": "github"
      },
      "original": {
        "owner": "cargo2nix",
        "repo": "cargo2nix",
        "type": "github"
      }
    },
    "flake-utils": {
      "locked": {
        "lastModified": 1637014545,
        "narHash": "sha256-26IZAc5yzlD9FlDT54io1oqG/bBoyka+FJk5guaX4x4=",
        "owner": "numtide",
        "repo": "flake-utils",
        "rev": "bba5dcc8e0b20ab664967ad83d24d64cb64ec4f4",
        "type": "github"
      },
      "original": {
        "owner": "numtide",
        "repo": "flake-utils",
        "type": "github"
      }
    },
    "nixpkgs": {
      "locked": {
        "lastModified": 1636927067,
        "narHash": "sha256-hPwQkuGoaCeWy15yuNAMK9+g4bs5EMTLiEaMEzS4+4c=",
        "owner": "NixOS",
        "repo": "nixpkgs",
        "rev": "422c4e199e1a25902fde646d5a94c14bcaba4aa6",
        "type": "github"
      },
      "original": {
        "id": "nixpkgs",
        "type": "indirect"
      }
    },
    "root": {
      "inputs": {
        "cargo2nix": "cargo2nix",
        "flake-utils": "flake-utils",
        "nixpkgs": "nixpkgs",
        "rust-overlay": "rust-overlay"
      }
    },
    "rust-overlay": {
      "inputs": {
        "flake-utils": [
          "flake-utils"
        ],
        "nixpkgs": [
          "nixpkgs"
        ]
      },
      "locked": {
        "lastModified": 1636856149,
        "narHash": "sha256-PXmVe3OVempsZyp+W/q9tlyNHXwvpgs95YK5rWgTJhU=",
        "owner": "oxalica",
        "repo": "rust-overlay",
        "rev": "1bd6efbe7a98b4bf2e6b89b137d6f36814475eed",
        "type": "github"
      },
      "original": {
        "owner": "oxalica",
        "repo": "rust-overlay",
        "type": "github"
      }
    }
  },
  "root": "root",
  "version": 7
}
